{
  "name": "circuits",
  "lockfileVersion": 3,
  "requires": true,
  "packages": {
    "": {
      "dependencies": {
        "poseidon2": "^0.4.2"
      }
    },
    "node_modules/poseidon2": {
      "version": "0.4.2",
      "resolved": "https://registry.npmjs.org/poseidon2/-/poseidon2-0.4.2.tgz",
      "integrity": "sha512-nNxiW+zDUgf8nmqjkV60gaY1NFw4cFSEB6hotn18gSxaFXaZ+/J5qZi0MyvEPR991ZgDfvj1YcpUCWdxvgPqcw==",
      "license": "MIT"
    }
  }
}
